
Microsoft Visual Studio Solution File, Format Version 12.00
# Visual Studio Version 17
VisualStudioVersion = 17.11.35208.52
MinimumVisualStudioVersion = 10.0.40219.1
Project("{FAE04EC0-301F-11D3-BF4B-00C04F79EFBC}") = "FurnitureStoreBE", "FurnitureStoreBE\FurnitureStoreBE.csproj", "{E5FC6517-4B27-43BD-BBD6-D76AF1BBDA89}"
EndProject
Project("{E53339B2-1760-4266-BCC7-CA923CBCF16C}") = "docker-compose", "docker-compose.dcproj", "{7F0367D3-46AE-4BC0-AA59-3739B388435F}"
EndProject
Project("{2150E333-8FDC-42A3-9474-1A3956D46DE8}") = "Solution Items", "Solution Items", "{4B4F361F-96DD-4A44-99CC-7195299CCF5D}"
	ProjectSection(SolutionItems) = preProject
		railway.toml = railway.toml
	EndProjectSection
EndProject
Global
	GlobalSection(SolutionConfigurationPlatforms) = preSolution
		Debug|Any CPU = Debug|Any CPU
		Release|Any CPU = Release|Any CPU
	EndGlobalSection
	GlobalSection(ProjectConfigurationPlatforms) = postSolution
		{E5FC6517-4B27-43BD-BBD6-D76AF1BBDA89}.Debug|Any CPU.ActiveCfg = Debug|Any CPU
		{E5FC6517-4B27-43BD-BBD6-D76AF1BBDA89}.Debug|Any CPU.Build.0 = Debug|Any CPU
		{E5FC6517-4B27-43BD-BBD6-D76AF1BBDA89}.Release|Any CPU.ActiveCfg = Release|Any CPU
		{E5FC6517-4B27-43BD-BBD6-D76AF1BBDA89}.Release|Any CPU.Build.0 = Release|Any CPU
		{7F0367D3-46AE-4BC0-AA59-3739B388435F}.Debug|Any CPU.ActiveCfg = Debug|Any CPU
		{7F0367D3-46AE-4BC0-AA59-3739B388435F}.Debug|Any CPU.Build.0 = Debug|Any CPU
		{7F0367D3-46AE-4BC0-AA59-3739B388435F}.Release|Any CPU.ActiveCfg = Release|Any CPU
		{7F0367D3-46AE-4BC0-AA59-3739B388435F}.Release|Any CPU.Build.0 = Release|Any CPU
	EndGlobalSection
	GlobalSection(SolutionProperties) = preSolution
		HideSolutionNode = FALSE
	EndGlobalSection
	GlobalSection(ExtensibilityGlobals) = postSolution
		SolutionGuid = {C39723F5-479C-4227-8145-AC4E1E9EA9DF}
	EndGlobalSection
EndGlobal
